
Microsoft Visual Studio Solution File, Format Version 12.00
# Visual Studio Version 17
VisualStudioVersion = 17.14.36915.13 d17.14
MinimumVisualStudioVersion = 10.0.40219.1
Project("{FAE04EC0-301F-11D3-BF4B-00C04F79EFBC}") = "WebApplication5", "WebApplication5\WebApplication5.csproj", "{A1FEC55B-BD32-43F7-8705-EEC275867717}"
EndProject
Global
	GlobalSection(SolutionConfigurationPlatforms) = preSolution
		Debug|Any CPU = Debug|Any CPU
		Release|Any CPU = Release|Any CPU
	EndGlobalSection
	GlobalSection(ProjectConfigurationPlatforms) = postSolution
		{A1FEC55B-BD32-43F7-8705-EEC275867717}.Debug|Any CPU.ActiveCfg = Debug|Any CPU
		{A1FEC55B-BD32-43F7-8705-EEC275867717}.Debug|Any CPU.Build.0 = Debug|Any CPU
		{A1FEC55B-BD32-43F7-8705-EEC275867717}.Release|Any CPU.ActiveCfg = Release|Any CPU
		{A1FEC55B-BD32-43F7-8705-EEC275867717}.Release|Any CPU.Build.0 = Release|Any CPU
	EndGlobalSection
	GlobalSection(SolutionProperties) = preSolution
		HideSolutionNode = FALSE
	EndGlobalSection
	GlobalSection(ExtensibilityGlobals) = postSolution
		SolutionGuid = {C827BBD3-EF5E-4DF4-B219-6EA68DF212FE}
	EndGlobalSection
EndGlobal
